
Microsoft Visual Studio Solution File, Format Version 12.00
# Visual Studio Version 17
VisualStudioVersion = 17.7.34018.315
MinimumVisualStudioVersion = 10.0.40219.1
Project("{8BC9CEB8-8B4A-11D0-8D11-00A0C91BC942}") = "test", "test.vcxproj", "{C14437C1-222B-45E7-A010-A30B3C53EBAE}"
EndProject
Global
	GlobalSection(SolutionConfigurationPlatforms) = preSolution
		Debug|x64 = Debug|x64
		Debug|x86 = Debug|x86
		Release|x64 = Release|x64
		Release|x86 = Release|x86
	EndGlobalSection
	GlobalSection(ProjectConfigurationPlatforms) = postSolution
		{C14437C1-222B-45E7-A010-A30B3C53EBAE}.Debug|x64.ActiveCfg = Debug|x64
		{C14437C1-222B-45E7-A010-A30B3C53EBAE}.Debug|x64.Build.0 = Debug|x64
		{C14437C1-222B-45E7-A010-A30B3C53EBAE}.Debug|x86.ActiveCfg = Debug|Win32
		{C14437C1-222B-45E7-A010-A30B3C53EBAE}.Debug|x86.Build.0 = Debug|Win32
		{C14437C1-222B-45E7-A010-A30B3C53EBAE}.Release|x64.ActiveCfg = Release|x64
		{C14437C1-222B-45E7-A010-A30B3C53EBAE}.Release|x64.Build.0 = Release|x64
		{C14437C1-222B-45E7-A010-A30B3C53EBAE}.Release|x86.ActiveCfg = Release|Win32
		{C14437C1-222B-45E7-A010-A30B3C53EBAE}.Release|x86.Build.0 = Release|Win32
	EndGlobalSection
	GlobalSection(SolutionProperties) = preSolution
		HideSolutionNode = FALSE
	EndGlobalSection
	GlobalSection(ExtensibilityGlobals) = postSolution
		SolutionGuid = {738FE78C-4C56-4B03-80E8-DEE966591A3C}
	EndGlobalSection
EndGlobal
